Microsoft Visual Studio Solution File, Format Version 12.00
# Visual Studio Version 17
VisualStudioVersion = 17.5.2.0
MinimumVisualStudioVersion = 10.0.40219.1
Project("{FAE04EC0-301F-11D3-BF4B-00C04F79EFBC}") = "Leet", "Leet.csproj", "{5F3930C5-B7C4-3D82-754D-D479395FC961}"
EndProject
Global
	GlobalSection(SolutionConfigurationPlatforms) = preSolution
		Debug|Any CPU = Debug|Any CPU
		Release|Any CPU = Release|Any CPU
	EndGlobalSection
	GlobalSection(ProjectConfigurationPlatforms) = postSolution
		{5F3930C5-B7C4-3D82-754D-D479395FC961}.Debug|Any CPU.ActiveCfg = Debug|Any CPU
		{5F3930C5-B7C4-3D82-754D-D479395FC961}.Debug|Any CPU.Build.0 = Debug|Any CPU
		{5F3930C5-B7C4-3D82-754D-D479395FC961}.Release|Any CPU.ActiveCfg = Release|Any CPU
		{5F3930C5-B7C4-3D82-754D-D479395FC961}.Release|Any CPU.Build.0 = Release|Any CPU
	EndGlobalSection
	GlobalSection(SolutionProperties) = preSolution
		HideSolutionNode = FALSE
	EndGlobalSection
	GlobalSection(ExtensibilityGlobals) = postSolution
		SolutionGuid = {CA6B3873-3B68-4E9B-8B52-2A538B0E136A}
	EndGlobalSection
EndGlobal
